[[package]]
name = "flake8"
version = "6.0.0"
description = "the modular source code checker: pep8 pyflakes and co"
category = "dev"
optional = false
python-versions = ">=3.8.1"

[package.dependencies]
mccabe = ">=0.7.0,<0.8.0"
pycodestyle = ">=2.10.0,<2.11.0"
pyflakes = ">=3.0.0,<3.1.0"

[[package]]
name = "mccabe"
version = "0.7.0"
description = "McCabe checker, plugin for flake8"
category = "dev"
optional = false
python-versions = ">=3.6"

[[package]]
name = "numpy"
version = "1.24.3"
description = "Fundamental package for array computing in Python"
category = "main"
optional = false
python-versions = ">=3.8"

[[package]]
name = "pycodestyle"
version = "2.10.0"
description = "Python style guide checker"
category = "dev"
optional = false
python-versions = ">=3.6"

[[package]]
name = "pyflakes"
version = "3.0.1"
description = "passive checker of Python programs"
category = "dev"
optional = false
python-versions = ">=3.6"

[[package]]
name = "pyside6"
version = "6.5.1.1"
description = "Python bindings for the Qt cross-platform application and UI framework"
category = "main"
optional = false
python-versions = "<3.12,>=3.7"

[package.dependencies]
PySide6-Addons = "6.5.1.1"
PySide6-Essentials = "6.5.1.1"
shiboken6 = "6.5.1.1"

[[package]]
name = "pyside6-addons"
version = "6.5.1.1"
description = "Python bindings for the Qt cross-platform application and UI framework (Addons)"
category = "main"
optional = false
python-versions = "<3.12,>=3.7"

[package.dependencies]
PySide6-Essentials = "6.5.1.1"
shiboken6 = "6.5.1.1"

[[package]]
name = "pyside6-essentials"
version = "6.5.1.1"
description = "Python bindings for the Qt cross-platform application and UI framework (Essentials)"
category = "main"
optional = false
python-versions = "<3.12,>=3.7"

[package.dependencies]
shiboken6 = "6.5.1.1"

[[package]]
name = "scipy"
version = "1.10.1"
description = "Fundamental algorithms for scientific computing in Python"
category = "main"
optional = false
python-versions = "<3.12,>=3.8"

[package.dependencies]
numpy = ">=1.19.5,<1.27.0"

[package.extras]
test = ["pytest", "pytest-cov", "pytest-timeout", "pytest-xdist", "asv", "mpmath", "gmpy2", "threadpoolctl", "scikit-umfpack", "pooch"]
doc = ["sphinx (!=4.1.0)", "pydata-sphinx-theme (==0.9.0)", "sphinx-design (>=0.2.0)", "matplotlib (>2)", "numpydoc"]
dev = ["mypy", "typing-extensions", "pycodestyle", "flake8", "rich-click", "click", "doit (>=0.36.0)", "pydevtool"]

[[package]]
name = "shiboken6"
version = "6.5.1.1"
description = "Python/C++ bindings helper module"
category = "main"
optional = false
python-versions = "<3.12,>=3.7"

[metadata]
lock-version = "1.1"
python-versions = ">=3.11, <3.12"
content-hash = "3518e577a5705c990d03c6664aef421bc07059350d16534d996a4831898ad109"

[metadata.files]
flake8 = [
    {file = "flake8-6.0.0-py2.py3-none-any.whl", hash = "sha256:3833794e27ff64ea4e9cf5d410082a8b97ff1a06c16aa3d2027339cd0f1195c7"},
    {file = "flake8-6.0.0.tar.gz", hash = "sha256:c61007e76655af75e6785a931f452915b371dc48f56efd765247c8fe68f2b181"},
]
mccabe = [
    {file = "mccabe-0.7.0-py2.py3-none-any.whl", hash = "sha256:6c2d30ab6be0e4a46919781807b4f0d834ebdd6c6e3dca0bda5a15f863427b6e"},
    {file = "mccabe-0.7.0.tar.gz", hash = "sha256:348e0240c33b60bbdf4e523192ef919f28cb2c3d7d5c7794f74009290f236325"},
]
numpy = [
    {file = "numpy-1.24.3-cp310-cp310-macosx_10_9_x86_64.whl", hash = "sha256:3c1104d3c036fb81ab923f507536daedc718d0ad5a8707c6061cdfd6d184e570"},
    {file = "numpy-1.24.3-cp310-cp310-macosx_11_0_arm64.whl", hash = "sha256:202de8f38fc4a45a3eea4b63e2f376e5f2dc64ef0fa692838e31a808520efaf7"},
    {file = "numpy-1.24.3-cp310-cp310-manylinux_2_17_aarch64.manylinux2014_aarch64.whl", hash = "sha256:8535303847b89aa6b0f00aa1dc62867b5a32923e4d1681a35b5eef2d9591a463"},
    {file = "numpy-1.24.3-cp310-cp310-manylinux_2_17_x86_64.manylinux2014_x86_64.whl", hash = "sha256:2d926b52ba1367f9acb76b0df6ed21f0b16a1ad87c6720a1121674e5cf63e2b6"},
    {file = "numpy-1.24.3-cp310-cp310-win32.whl", hash = "sha256:f21c442fdd2805e91799fbe044a7b999b8571bb0ab0f7850d0cb9641a687092b"},
    {file = "numpy-1.24.3-cp310-cp310-win_amd64.whl", hash = "sha256:ab5f23af8c16022663a652d3b25dcdc272ac3f83c3af4c02eb8b824e6b3ab9d7"},
    {file = "numpy-1.24.3-cp311-cp311-macosx_10_9_x86_64.whl", hash = "sha256:9a7721ec204d3a237225db3e194c25268faf92e19338a35f3a224469cb6039a3"},
    {file = "numpy-1.24.3-cp311-cp311-macosx_11_0_arm64.whl", hash = "sha256:d6cc757de514c00b24ae8cf5c876af2a7c3df189028d68c0cb4eaa9cd5afc2bf"},
    {file = "numpy-1.24.3-cp311-cp311-manylinux_2_17_aarch64.manylinux2014_aarch64.whl", hash = "sha256:76e3f4e85fc5d4fd311f6e9b794d0c00e7002ec122be271f2019d63376f1d385"},
    {file = "numpy-1.24.3-cp311-cp311-manylinux_2_17_x86_64.manylinux2014_x86_64.whl", hash = "sha256:a1d3c026f57ceaad42f8231305d4653d5f05dc6332a730ae5c0bea3513de0950"},
    {file = "numpy-1.24.3-cp311-cp311-win32.whl", hash = "sha256:c91c4afd8abc3908e00a44b2672718905b8611503f7ff87390cc0ac3423fb096"},
    {file = "numpy-1.24.3-cp311-cp311-win_amd64.whl", hash = "sha256:5342cf6aad47943286afa6f1609cad9b4266a05e7f2ec408e2cf7aea7ff69d80"},
    {file = "numpy-1.24.3-cp38-cp38-macosx_10_9_x86_64.whl", hash = "sha256:7776ea65423ca6a15255ba1872d82d207bd1e09f6d0894ee4a64678dd2204078"},
    {file = "numpy-1.24.3-cp38-cp38-macosx_11_0_arm64.whl", hash = "sha256:ae8d0be48d1b6ed82588934aaaa179875e7dc4f3d84da18d7eae6eb3f06c242c"},
    {file = "numpy-1.24.3-cp38-cp38-manylinux_2_17_aarch64.manylinux2014_aarch64.whl", hash = "sha256:ecde0f8adef7dfdec993fd54b0f78183051b6580f606111a6d789cd14c61ea0c"},
    {file = "numpy-1.24.3-cp38-cp38-manylinux_2_17_x86_64.manylinux2014_x86_64.whl", hash = "sha256:4749e053a29364d3452c034827102ee100986903263e89884922ef01a0a6fd2f"},
    {file = "numpy-1.24.3-cp38-cp38-win32.whl", hash = "sha256:d933fabd8f6a319e8530d0de4fcc2e6a61917e0b0c271fded460032db42a0fe4"},
    {file = "numpy-1.24.3-cp38-cp38-win_amd64.whl", hash = "sha256:56e48aec79ae238f6e4395886b5eaed058abb7231fb3361ddd7bfdf4eed54289"},
    {file = "numpy-1.24.3-cp39-cp39-macosx_10_9_x86_64.whl", hash = "sha256:4719d5aefb5189f50887773699eaf94e7d1e02bf36c1a9d353d9f46703758ca4"},
    {file = "numpy-1.24.3-cp39-cp39-macosx_11_0_arm64.whl", hash = "sha256:0ec87a7084caa559c36e0a2309e4ecb1baa03b687201d0a847c8b0ed476a7187"},
    {file = "numpy-1.24.3-cp39-cp39-manylinux_2_17_aarch64.manylinux2014_aarch64.whl", hash = "sha256:ea8282b9bcfe2b5e7d491d0bf7f3e2da29700cec05b49e64d6246923329f2b02"},
    {file = "numpy-1.24.3-cp39-cp39-manylinux_2_17_x86_64.manylinux2014_x86_64.whl", hash = "sha256:210461d87fb02a84ef243cac5e814aad2b7f4be953b32cb53327bb49fd77fbb4"},
    {file = "numpy-1.24.3-cp39-cp39-win32.whl", hash = "sha256:784c6da1a07818491b0ffd63c6bbe5a33deaa0e25a20e1b3ea20cf0e43f8046c"},
    {file = "numpy-1.24.3-cp39-cp39-win_amd64.whl", hash = "sha256:d5036197ecae68d7f491fcdb4df90082b0d4960ca6599ba2659957aafced7c17"},
    {file = "numpy-1.24.3-pp38-pypy38_pp73-macosx_10_9_x86_64.whl", hash = "sha256:352ee00c7f8387b44d19f4cada524586f07379c0d49270f87233983bc5087ca0"},
    {file = "numpy-1.24.3-pp38-pypy38_pp73-manylinux_2_17_x86_64.manylinux2014_x86_64.whl", hash = "sha256:1a7d6acc2e7524c9955e5c903160aa4ea083736fde7e91276b0e5d98e6332812"},
    {file = "numpy-1.24.3-pp38-pypy38_pp73-win_amd64.whl", hash = "sha256:35400e6a8d102fd07c71ed7dcadd9eb62ee9a6e84ec159bd48c28235bbb0f8e4"},
    {file = "numpy-1.24.3.tar.gz", hash = "sha256:ab344f1bf21f140adab8e47fdbc7c35a477dc01408791f8ba00d018dd0bc5155"},
]
pycodestyle = [
    {file = "pycodestyle-2.10.0-py2.py3-none-any.whl", hash = "sha256:8a4eaf0d0495c7395bdab3589ac2db602797d76207242c17d470186815706610"},
    {file = "pycodestyle-2.10.0.tar.gz", hash = "sha256:347187bdb476329d98f695c213d7295a846d1152ff4fe9bacb8a9590b8ee7053"},
]
pyflakes = [
    {file = "pyflakes-3.0.1-py2.py3-none-any.whl", hash = "sha256:ec55bf7fe21fff7f1ad2f7da62363d749e2a470500eab1b555334b67aa1ef8cf"},
    {file = "pyflakes-3.0.1.tar.gz", hash = "sha256:ec8b276a6b60bd80defed25add7e439881c19e64850afd9b346283d4165fd0fd"},
]
pyside6 = [
    {file = "PySide6-6.5.1.1-cp37-abi3-macosx_10_9_universal2.whl", hash = "sha256:dc2d249ea2486526d1bb74e6cf96e2b49f2089cf069ab289a168aa48b5c251d5"},
    {file = "PySide6-6.5.1.1-cp37-abi3-manylinux_2_28_x86_64.whl", hash = "sha256:b7b6588527eb1ca45afb8918f109d827f7d248beaec14e7acdaea18883680aee"},
    {file = "PySide6-6.5.1.1-cp37-abi3-win_amd64.whl", hash = "sha256:1517dd56f7235a98f3e1fcc983d3c8cf3d539b33164815c6e06442a297d2ab0d"},
    {file = "PySide6-6.5.1.1-pp39-pypy39_pp73-macosx_10_9_universal2.whl", hash = "sha256:a55403254ff7421bea5b8e2196fded24e4a0357d3b1f10d5f01ffc3ae937c71a"},
    {file = "PySide6-6.5.1.1-pp39-pypy39_pp73-manylinux_2_28_x86_64.whl", hash = "sha256:25c83843de0aa562631620721e4599eed55bc96747ed869caa631ecf92070951"},
    {file = "PySide6-6.5.1.1-pp39-pypy39_pp73-win_amd64.whl", hash = "sha256:645c1a99c37a0ce045b23fb35faacf54d98442cc16f621fe1dad2a1d2880e5e3"},
]
pyside6-addons = [
    {file = "PySide6_Addons-6.5.1.1-cp37-abi3-macosx_10_9_universal2.whl", hash = "sha256:aadda3376a81dbead867380f7ae81d2fe0fb1ffd482bfc10212be8b0d06c2c4c"},
    {file = "PySide6_Addons-6.5.1.1-cp37-abi3-manylinux_2_28_x86_64.whl", hash = "sha256:cf18c88274d6c9c29cccbecb11c72b1f0b0bb077dc044f9b40354f13d0c1c52e"},
    {file = "PySide6_Addons-6.5.1.1-cp37-abi3-win_amd64.whl", hash = "sha256:d6370dfd03329cdcc91288d64bd1e26a5fc1908958b8a81fea5010a5849db441"},
    {file = "PySide6_Addons-6.5.1.1-pp39-pypy39_pp73-macosx_10_9_universal2.whl", hash = "sha256:e3ab22776e620d9467ffb2d76be06d5a3b8b3859d77e2e73f65f2b29018645e7"},
    {file = "PySide6_Addons-6.5.1.1-pp39-pypy39_pp73-manylinux_2_28_x86_64.whl", hash = "sha256:4e1bc141a7aa9488dc77c9b29ad412e417e601cc8e23050517f7c6c8634feb46"},
    {file = "PySide6_Addons-6.5.1.1-pp39-pypy39_pp73-win_amd64.whl", hash = "sha256:441f8797d6b01c9dd9b848d0e156b2b5042d71d9266d0a6ded48c9b1cd337821"},
]
pyside6-essentials = [
    {file = "PySide6_Essentials-6.5.1.1-cp37-abi3-macosx_10_9_universal2.whl", hash = "sha256:c0cc3b1e7ca0e6b7a0cb8190a8538242972df43c1f9014cc0cd066d4ed7fc83a"},
    {file = "PySide6_Essentials-6.5.1.1-cp37-abi3-manylinux_2_28_x86_64.whl", hash = "sha256:bfd8900b1bf6a595b7d63539817bc825941f737486a093d519514c5b67af789f"},
    {file = "PySide6_Essentials-6.5.1.1-cp37-abi3-win_amd64.whl", hash = "sha256:1346e6a4e97d97f54e6c0805150c6dead4cc0e7914d77167f836eb36b83acb5c"},
    {file = "PySide6_Essentials-6.5.1.1-pp39-pypy39_pp73-macosx_10_9_universal2.whl", hash = "sha256:0111386918064fa84a498ed7a6e93ec4155fe96e8d4f9c9e3ac54a5b65ddfadf"},
    {file = "PySide6_Essentials-6.5.1.1-pp39-pypy39_pp73-manylinux_2_28_x86_64.whl", hash = "sha256:6264b00099a9bed0020460033e2a4369513e0e69f7abe3f436c3c6390164bcea"},
    {file = "PySide6_Essentials-6.5.1.1-pp39-pypy39_pp73-win_amd64.whl", hash = "sha256:620cefb6c954d59f941f06acecfe5cdf42bf470f2f3e6b9d023f49f93d740080"},
]
scipy = [
    {file = "scipy-1.10.1-cp310-cp310-macosx_10_9_x86_64.whl", hash = "sha256:e7354fd7527a4b0377ce55f286805b34e8c54b91be865bac273f527e1b839019"},
    {file = "scipy-1.10.1-cp310-cp310-macosx_12_0_arm64.whl", hash = "sha256:4b3f429188c66603a1a5c549fb414e4d3bdc2a24792e061ffbd607d3d75fd84e"},
    {file = "scipy-1.10.1-cp310-cp310-manylinux_2_17_aarch64.manylinux2014_aarch64.whl", hash = "sha256:1553b5dcddd64ba9a0d95355e63fe6c3fc303a8fd77c7bc91e77d61363f7433f"},
    {file = "scipy-1.10.1-cp310-cp310-manylinux_2_17_x86_64.manylinux2014_x86_64.whl", hash = "sha256:4c0ff64b06b10e35215abce517252b375e580a6125fd5fdf6421b98efbefb2d2"},
    {file = "scipy-1.10.1-cp310-cp310-win_amd64.whl", hash = "sha256:fae8a7b898c42dffe3f7361c40d5952b6bf32d10c4569098d276b4c547905ee1"},
    {file = "scipy-1.10.1-cp311-cp311-macosx_10_9_x86_64.whl", hash = "sha256:0f1564ea217e82c1bbe75ddf7285ba0709ecd503f048cb1236ae9995f64217bd"},
    {file = "scipy-1.10.1-cp311-cp311-macosx_12_0_arm64.whl", hash = "sha256:d925fa1c81b772882aa55bcc10bf88324dadb66ff85d548c71515f6689c6dac5"},
    {file = "scipy-1.10.1-cp311-cp311-manylinux_2_17_aarch64.manylinux2014_aarch64.whl", hash = "sha256:aaea0a6be54462ec027de54fca511540980d1e9eea68b2d5c1dbfe084797be35"},
    {file = "scipy-1.10.1-cp311-cp311-manylinux_2_17_x86_64.manylinux2014_x86_64.whl", hash = "sha256:15a35c4242ec5f292c3dd364a7c71a61be87a3d4ddcc693372813c0b73c9af1d"},
    {file = "scipy-1.10.1-cp311-cp311-win_amd64.whl", hash = "sha256:43b8e0bcb877faf0abfb613d51026cd5cc78918e9530e375727bf0625c82788f"},
    {file = "scipy-1.10.1-cp38-cp38-macosx_10_9_x86_64.whl", hash = "sha256:5678f88c68ea866ed9ebe3a989091088553ba12c6090244fdae3e467b1139c35"},
    {file = "scipy-1.10.1-cp38-cp38-macosx_12_0_arm64.whl", hash = "sha256:39becb03541f9e58243f4197584286e339029e8908c46f7221abeea4b749fa88"},
    {file = "scipy-1.10.1-cp38-cp38-manylinux_2_17_aarch64.manylinux2014_aarch64.whl", hash = "sha256:bce5869c8d68cf383ce240e44c1d9ae7c06078a9396df68ce88a1230f93a30c1"},
    {file = "scipy-1.10.1-cp38-cp38-manylinux_2_17_x86_64.manylinux2014_x86_64.whl", hash = "sha256:07c3457ce0b3ad5124f98a86533106b643dd811dd61b548e78cf4c8786652f6f"},
    {file = "scipy-1.10.1-cp38-cp38-win_amd64.whl", hash = "sha256:049a8bbf0ad95277ffba9b3b7d23e5369cc39e66406d60422c8cfef40ccc8415"},
    {file = "scipy-1.10.1-cp39-cp39-macosx_10_9_x86_64.whl", hash = "sha256:cd9f1027ff30d90618914a64ca9b1a77a431159df0e2a195d8a9e8a04c78abf9"},
    {file = "scipy-1.10.1-cp39-cp39-macosx_12_0_arm64.whl", hash = "sha256:79c8e5a6c6ffaf3a2262ef1be1e108a035cf4f05c14df56057b64acc5bebffb6"},
    {file = "scipy-1.10.1-cp39-cp39-manylinux_2_17_aarch64.manylinux2014_aarch64.whl", hash = "sha256:51af417a000d2dbe1ec6c372dfe688e041a7084da4fdd350aeb139bd3fb55353"},
    {file = "scipy-1.10.1-cp39-cp39-manylinux_2_17_x86_64.manylinux2014_x86_64.whl", hash = "sha256:1b4735d6c28aad3cdcf52117e0e91d6b39acd4272f3f5cd9907c24ee931ad601"},
    {file = "scipy-1.10.1-cp39-cp39-win_amd64.whl", hash = "sha256:7ff7f37b1bf4417baca958d254e8e2875d0cc23aaadbe65b3d5b3077b0eb23ea"},
    {file = "scipy-1.10.1.tar.gz", hash = "sha256:2cf9dfb80a7b4589ba4c40ce7588986d6d5cebc5457cad2c2880f6bc2d42f3a5"},
]
shiboken6 = [
    {file = "shiboken6-6.5.1.1-cp37-abi3-macosx_10_9_universal2.whl", hash = "sha256:59fc1797df38c9e8c89cc43d5996a4c0331d0258087fa9d6466b03822aba6ff2"},
    {file = "shiboken6-6.5.1.1-cp37-abi3-manylinux_2_28_x86_64.whl", hash = "sha256:4338a8eb00e8d6f5b27edf85ab689ada905a4490c73ed3f23ff3b3c5f72a563e"},
    {file = "shiboken6-6.5.1.1-cp37-abi3-win_amd64.whl", hash = "sha256:aa6289cdbaa12f364f1c45d60d9d483c3842ee9cf6e9acdc3efd21cd460c2eb5"},
    {file = "shiboken6-6.5.1.1-pp39-pypy39_pp73-macosx_10_9_universal2.whl", hash = "sha256:db029b9d895052c1f42b1f929af3a5f6e688a88c5862aed24d5094086b034ab2"},
    {file = "shiboken6-6.5.1.1-pp39-pypy39_pp73-manylinux_2_28_x86_64.whl", hash = "sha256:1c7ba82093d66ace5c7a07ed9c7b4ea57a311ddbfecbe44aff7ed023efc8a380"},
    {file = "shiboken6-6.5.1.1-pp39-pypy39_pp73-win_amd64.whl", hash = "sha256:34cacba2954bff632476fbead190868c6f068a6dd9e5c8fd7d2ed4f8f5cfade4"},
]
